
Microsoft Visual Studio Solution File, Format Version 12.00
Project("{FAE04EC0-301F-11D3-BF4B-00C04F79EFBC}") = "Producer", "src\Producer\Producer.csproj", "{A6EDEE5B-9D7C-4F93-8F7B-05F9FA90DACF}"
EndProject
Project("{FAE04EC0-301F-11D3-BF4B-00C04F79EFBC}") = "Orchestrator", "src\Orchestrator\Orchestrator.csproj", "{02C3961C-8C73-4607-9398-D4BAF7AE881D}"
EndProject
Project("{FAE04EC0-301F-11D3-BF4B-00C04F79EFBC}") = "ConsumerX", "src\ConsumerX\ConsumerX.csproj", "{E8623083-D262-4D80-87AC-3A9BB4B29560}"
EndProject
Global
	GlobalSection(SolutionConfigurationPlatforms) = preSolution
		Debug|Any CPU = Debug|Any CPU
		Release|Any CPU = Release|Any CPU
	EndGlobalSection
	GlobalSection(ProjectConfigurationPlatforms) = postSolution
		{A6EDEE5B-9D7C-4F93-8F7B-05F9FA90DACF}.Debug|Any CPU.ActiveCfg = Debug|Any CPU
		{A6EDEE5B-9D7C-4F93-8F7B-05F9FA90DACF}.Debug|Any CPU.Build.0 = Debug|Any CPU
		{A6EDEE5B-9D7C-4F93-8F7B-05F9FA90DACF}.Release|Any CPU.ActiveCfg = Release|Any CPU
		{A6EDEE5B-9D7C-4F93-8F7B-05F9FA90DACF}.Release|Any CPU.Build.0 = Release|Any CPU
		{02C3961C-8C73-4607-9398-D4BAF7AE881D}.Debug|Any CPU.ActiveCfg = Debug|Any CPU
		{02C3961C-8C73-4607-9398-D4BAF7AE881D}.Debug|Any CPU.Build.0 = Debug|Any CPU
		{02C3961C-8C73-4607-9398-D4BAF7AE881D}.Release|Any CPU.ActiveCfg = Release|Any CPU
		{02C3961C-8C73-4607-9398-D4BAF7AE881D}.Release|Any CPU.Build.0 = Release|Any CPU
		{E8623083-D262-4D80-87AC-3A9BB4B29560}.Debug|Any CPU.ActiveCfg = Debug|Any CPU
		{E8623083-D262-4D80-87AC-3A9BB4B29560}.Debug|Any CPU.Build.0 = Debug|Any CPU
		{E8623083-D262-4D80-87AC-3A9BB4B29560}.Release|Any CPU.ActiveCfg = Release|Any CPU
		{E8623083-D262-4D80-87AC-3A9BB4B29560}.Release|Any CPU.Build.0 = Release|Any CPU
	EndGlobalSection
EndGlobal
